
Microsoft Visual Studio Solution File, Format Version 12.00
# Visual Studio Version 16
VisualStudioVersion = 16.0.30523.141
MinimumVisualStudioVersion = 10.0.40219.1
Project("{FAE04EC0-301F-11D3-BF4B-00C04F79EFBC}") = "Calculator", "Calculator\Calculator.csproj", "{116A2973-A0B9-47B1-94BC-7635003E3BA2}"
EndProject
Global
	GlobalSection(SolutionConfigurationPlatforms) = preSolution
		Debug|Any CPU = Debug|Any CPU
		Release|Any CPU = Release|Any CPU
	EndGlobalSection
	GlobalSection(ProjectConfigurationPlatforms) = postSolution
		{116A2973-A0B9-47B1-94BC-7635003E3BA2}.Debug|Any CPU.ActiveCfg = Debug|Any CPU
		{116A2973-A0B9-47B1-94BC-7635003E3BA2}.Debug|Any CPU.Build.0 = Debug|Any CPU
		{116A2973-A0B9-47B1-94BC-7635003E3BA2}.Release|Any CPU.ActiveCfg = Release|Any CPU
		{116A2973-A0B9-47B1-94BC-7635003E3BA2}.Release|Any CPU.Build.0 = Release|Any CPU
	EndGlobalSection
	GlobalSection(SolutionProperties) = preSolution
		HideSolutionNode = FALSE
	EndGlobalSection
	GlobalSection(ExtensibilityGlobals) = postSolution
		SolutionGuid = {4B58D71F-A7DA-4CC4-B09F-439FFA3D717A}
	EndGlobalSection
EndGlobal
